
Microsoft Visual Studio Solution File, Format Version 12.00
# Visual Studio Version 17
VisualStudioVersion = 17.4.33213.308
MinimumVisualStudioVersion = 10.0.40219.1
Project("{2150E333-8FDC-42A3-9474-1A3956D46DE8}") = ".idea", ".idea", "{A7F795B4-0CA3-4D87-AFF4-5B019CACBFE9}"
EndProject
Project("{2150E333-8FDC-42A3-9474-1A3956D46DE8}") = "src", "src", "{D7615EF9-83CC-4E3D-AC4D-42C15B98D2D9}"
EndProject
Project("{2150E333-8FDC-42A3-9474-1A3956D46DE8}") = "Dashboard", "Dashboard", "{BDDD6F2B-7B78-4D72-8829-3581EA67D5D5}"
EndProject
Project("{2150E333-8FDC-42A3-9474-1A3956D46DE8}") = "Application", "Application", "{7B4D6916-7A3C-40DB-878A-ACEB707FD2CA}"
EndProject
Project("{2150E333-8FDC-42A3-9474-1A3956D46DE8}") = "Clients", "Clients", "{B2D6F62A-750F-4039-9C27-4BC204AA323E}"
EndProject
Project("{2150E333-8FDC-42A3-9474-1A3956D46DE8}") = "Contracts", "Contracts", "{360B6E93-5649-4862-B143-FD8AF5517C90}"
EndProject
Project("{2150E333-8FDC-42A3-9474-1A3956D46DE8}") = "Domain", "Domain", "{6F011F24-D8AE-46A9-92DB-399EF2FF9F97}"
EndProject
Project("{2150E333-8FDC-42A3-9474-1A3956D46DE8}") = "Hosts", "Hosts", "{B8732118-924B-4F78-A41F-8B7F8FFAF190}"
EndProject
Project("{2150E333-8FDC-42A3-9474-1A3956D46DE8}") = "Infrastructure", "Infrastructure", "{7C5264B0-5DEA-490F-B637-60FCE2F43986}"
EndProject
Project("{9A19103F-16F7-4668-BE54-9A1E7A4F7556}") = "Dashboard.Hosts.Api", "Dashboard.Hosts.Api\Dashboard.Hosts.Api.csproj", "{2BD3C909-CFB6-4167-B657-250F3421CEF7}"
EndProject
Project("{9A19103F-16F7-4668-BE54-9A1E7A4F7556}") = "Dashboard.Domain", "Dashboard.Domain\Dashboard.Domain.csproj", "{5E575A63-40E5-4FFC-8AD7-CF66368A790C}"
EndProject
Project("{9A19103F-16F7-4668-BE54-9A1E7A4F7556}") = "Dashboard.Contract", "Dashboard.Contracts\Dashboard.Contract.csproj", "{F6DE4371-ECC4-4917-B66C-CFA15D193FD2}"
EndProject
Project("{9A19103F-16F7-4668-BE54-9A1E7A4F7556}") = "Dushboard.Clients", "Dushboard.Clients\Dushboard.Clients.csproj", "{40D508D8-E3FA-4DCD-BFCD-B50C0C4BCED8}"
EndProject
Project("{9A19103F-16F7-4668-BE54-9A1E7A4F7556}") = "Dashboard.Application.AppServices", "Dashboard.Application.AppServices\Dashboard.Application.AppServices.csproj", "{8D2EE025-3353-4B98-BCEE-34365E159986}"
EndProject
Project("{9A19103F-16F7-4668-BE54-9A1E7A4F7556}") = "Dashboard.Infrastructure", "Dashboard.Infrastructure\Dashboard.Infrastructure.csproj", "{E154E415-6924-4610-BA4E-AEF3B14957B3}"
EndProject
Project("{9A19103F-16F7-4668-BE54-9A1E7A4F7556}") = "Dashboard.Infrastructure.DataAccess", "Dashboard.Infrastructure.DataAccess\Dashboard.Infrastructure.DataAccess.csproj", "{965EA432-B9E0-49F1-99AB-D0F2CC4C996D}"
EndProject
Project("{9A19103F-16F7-4668-BE54-9A1E7A4F7556}") = "Dashboard.Infrastructure.Registrar", "Dashboard.Infrastructure.Registrar\Dashboard.Infrastructure.Registrar.csproj", "{67639E04-E39E-47D0-B17E-3A7303263591}"
EndProject
Global
	GlobalSection(SolutionConfigurationPlatforms) = preSolution
		Debug|Any CPU = Debug|Any CPU
		Release|Any CPU = Release|Any CPU
	EndGlobalSection
	GlobalSection(ProjectConfigurationPlatforms) = postSolution
		{2BD3C909-CFB6-4167-B657-250F3421CEF7}.Debug|Any CPU.ActiveCfg = Debug|Any CPU
		{2BD3C909-CFB6-4167-B657-250F3421CEF7}.Debug|Any CPU.Build.0 = Debug|Any CPU
		{2BD3C909-CFB6-4167-B657-250F3421CEF7}.Release|Any CPU.ActiveCfg = Release|Any CPU
		{2BD3C909-CFB6-4167-B657-250F3421CEF7}.Release|Any CPU.Build.0 = Release|Any CPU
		{5E575A63-40E5-4FFC-8AD7-CF66368A790C}.Debug|Any CPU.ActiveCfg = Debug|Any CPU
		{5E575A63-40E5-4FFC-8AD7-CF66368A790C}.Debug|Any CPU.Build.0 = Debug|Any CPU
		{5E575A63-40E5-4FFC-8AD7-CF66368A790C}.Release|Any CPU.ActiveCfg = Release|Any CPU
		{5E575A63-40E5-4FFC-8AD7-CF66368A790C}.Release|Any CPU.Build.0 = Release|Any CPU
		{F6DE4371-ECC4-4917-B66C-CFA15D193FD2}.Debug|Any CPU.ActiveCfg = Debug|Any CPU
		{F6DE4371-ECC4-4917-B66C-CFA15D193FD2}.Debug|Any CPU.Build.0 = Debug|Any CPU
		{F6DE4371-ECC4-4917-B66C-CFA15D193FD2}.Release|Any CPU.ActiveCfg = Release|Any CPU
		{F6DE4371-ECC4-4917-B66C-CFA15D193FD2}.Release|Any CPU.Build.0 = Release|Any CPU
		{40D508D8-E3FA-4DCD-BFCD-B50C0C4BCED8}.Debug|Any CPU.ActiveCfg = Debug|Any CPU
		{40D508D8-E3FA-4DCD-BFCD-B50C0C4BCED8}.Debug|Any CPU.Build.0 = Debug|Any CPU
		{40D508D8-E3FA-4DCD-BFCD-B50C0C4BCED8}.Release|Any CPU.ActiveCfg = Release|Any CPU
		{40D508D8-E3FA-4DCD-BFCD-B50C0C4BCED8}.Release|Any CPU.Build.0 = Release|Any CPU
		{8D2EE025-3353-4B98-BCEE-34365E159986}.Debug|Any CPU.ActiveCfg = Debug|Any CPU
		{8D2EE025-3353-4B98-BCEE-34365E159986}.Debug|Any CPU.Build.0 = Debug|Any CPU
		{8D2EE025-3353-4B98-BCEE-34365E159986}.Release|Any CPU.ActiveCfg = Release|Any CPU
		{8D2EE025-3353-4B98-BCEE-34365E159986}.Release|Any CPU.Build.0 = Release|Any CPU
		{E154E415-6924-4610-BA4E-AEF3B14957B3}.Debug|Any CPU.ActiveCfg = Debug|Any CPU
		{E154E415-6924-4610-BA4E-AEF3B14957B3}.Debug|Any CPU.Build.0 = Debug|Any CPU
		{E154E415-6924-4610-BA4E-AEF3B14957B3}.Release|Any CPU.ActiveCfg = Release|Any CPU
		{E154E415-6924-4610-BA4E-AEF3B14957B3}.Release|Any CPU.Build.0 = Release|Any CPU
		{965EA432-B9E0-49F1-99AB-D0F2CC4C996D}.Debug|Any CPU.ActiveCfg = Debug|Any CPU
		{965EA432-B9E0-49F1-99AB-D0F2CC4C996D}.Debug|Any CPU.Build.0 = Debug|Any CPU
		{965EA432-B9E0-49F1-99AB-D0F2CC4C996D}.Release|Any CPU.ActiveCfg = Release|Any CPU
		{965EA432-B9E0-49F1-99AB-D0F2CC4C996D}.Release|Any CPU.Build.0 = Release|Any CPU
		{67639E04-E39E-47D0-B17E-3A7303263591}.Debug|Any CPU.ActiveCfg = Debug|Any CPU
		{67639E04-E39E-47D0-B17E-3A7303263591}.Debug|Any CPU.Build.0 = Debug|Any CPU
		{67639E04-E39E-47D0-B17E-3A7303263591}.Release|Any CPU.ActiveCfg = Release|Any CPU
		{67639E04-E39E-47D0-B17E-3A7303263591}.Release|Any CPU.Build.0 = Release|Any CPU
	EndGlobalSection
	GlobalSection(SolutionProperties) = preSolution
		HideSolutionNode = FALSE
	EndGlobalSection
	GlobalSection(NestedProjects) = preSolution
		{BDDD6F2B-7B78-4D72-8829-3581EA67D5D5} = {D7615EF9-83CC-4E3D-AC4D-42C15B98D2D9}
		{7B4D6916-7A3C-40DB-878A-ACEB707FD2CA} = {BDDD6F2B-7B78-4D72-8829-3581EA67D5D5}
		{B2D6F62A-750F-4039-9C27-4BC204AA323E} = {BDDD6F2B-7B78-4D72-8829-3581EA67D5D5}
		{360B6E93-5649-4862-B143-FD8AF5517C90} = {BDDD6F2B-7B78-4D72-8829-3581EA67D5D5}
		{6F011F24-D8AE-46A9-92DB-399EF2FF9F97} = {BDDD6F2B-7B78-4D72-8829-3581EA67D5D5}
		{B8732118-924B-4F78-A41F-8B7F8FFAF190} = {BDDD6F2B-7B78-4D72-8829-3581EA67D5D5}
		{7C5264B0-5DEA-490F-B637-60FCE2F43986} = {BDDD6F2B-7B78-4D72-8829-3581EA67D5D5}
		{2BD3C909-CFB6-4167-B657-250F3421CEF7} = {B8732118-924B-4F78-A41F-8B7F8FFAF190}
		{5E575A63-40E5-4FFC-8AD7-CF66368A790C} = {6F011F24-D8AE-46A9-92DB-399EF2FF9F97}
		{F6DE4371-ECC4-4917-B66C-CFA15D193FD2} = {360B6E93-5649-4862-B143-FD8AF5517C90}
		{40D508D8-E3FA-4DCD-BFCD-B50C0C4BCED8} = {B2D6F62A-750F-4039-9C27-4BC204AA323E}
		{8D2EE025-3353-4B98-BCEE-34365E159986} = {7B4D6916-7A3C-40DB-878A-ACEB707FD2CA}
		{E154E415-6924-4610-BA4E-AEF3B14957B3} = {7C5264B0-5DEA-490F-B637-60FCE2F43986}
		{965EA432-B9E0-49F1-99AB-D0F2CC4C996D} = {7C5264B0-5DEA-490F-B637-60FCE2F43986}
		{67639E04-E39E-47D0-B17E-3A7303263591} = {7C5264B0-5DEA-490F-B637-60FCE2F43986}
	EndGlobalSection
	GlobalSection(ExtensibilityGlobals) = postSolution
		SolutionGuid = {74542859-6D03-482B-A1E9-2D162D63A3F9}
	EndGlobalSection
EndGlobal
